
Microsoft Visual Studio Solution File, Format Version 12.00
# Visual Studio Version 16
VisualStudioVersion = 16.0.30611.23
MinimumVisualStudioVersion = 10.0.40219.1
Project("{FAE04EC0-301F-11D3-BF4B-00C04F79EFBC}") = "SampleDbCSharp", "SampleDbCSharp\SampleDbCSharp.csproj", "{72E39934-6A62-4DAC-AF5D-61816C3A8F8B}"
EndProject
Global
	GlobalSection(SolutionConfigurationPlatforms) = preSolution
		Debug|Any CPU = Debug|Any CPU
		Release|Any CPU = Release|Any CPU
	EndGlobalSection
	GlobalSection(ProjectConfigurationPlatforms) = postSolution
		{72E39934-6A62-4DAC-AF5D-61816C3A8F8B}.Debug|Any CPU.ActiveCfg = Debug|Any CPU
		{72E39934-6A62-4DAC-AF5D-61816C3A8F8B}.Debug|Any CPU.Build.0 = Debug|Any CPU
		{72E39934-6A62-4DAC-AF5D-61816C3A8F8B}.Release|Any CPU.ActiveCfg = Release|Any CPU
		{72E39934-6A62-4DAC-AF5D-61816C3A8F8B}.Release|Any CPU.Build.0 = Release|Any CPU
	EndGlobalSection
	GlobalSection(SolutionProperties) = preSolution
		HideSolutionNode = FALSE
	EndGlobalSection
	GlobalSection(ExtensibilityGlobals) = postSolution
		SolutionGuid = {6A25726A-36C2-443C-80A8-D4DE3E7742C7}
	EndGlobalSection
EndGlobal
